
Microsoft Visual Studio Solution File, Format Version 12.00
# Visual Studio Version 17
VisualStudioVersion = 17.10.35027.167
MinimumVisualStudioVersion = 10.0.40219.1
Project("{FAE04EC0-301F-11D3-BF4B-00C04F79EFBC}") = "AdventOfCode", "AdventOfCode.csproj", "{DDEA3DCA-6560-43F2-8216-5BD066DCA588}"
EndProject
Global
	GlobalSection(SolutionConfigurationPlatforms) = preSolution
		Debug|Any CPU = Debug|Any CPU
		Release|Any CPU = Release|Any CPU
	EndGlobalSection
	GlobalSection(ProjectConfigurationPlatforms) = postSolution
		{DDEA3DCA-6560-43F2-8216-5BD066DCA588}.Debug|Any CPU.ActiveCfg = Debug|Any CPU
		{DDEA3DCA-6560-43F2-8216-5BD066DCA588}.Debug|Any CPU.Build.0 = Debug|Any CPU
		{DDEA3DCA-6560-43F2-8216-5BD066DCA588}.Release|Any CPU.ActiveCfg = Release|Any CPU
		{DDEA3DCA-6560-43F2-8216-5BD066DCA588}.Release|Any CPU.Build.0 = Release|Any CPU
	EndGlobalSection
	GlobalSection(SolutionProperties) = preSolution
		HideSolutionNode = FALSE
	EndGlobalSection
	GlobalSection(ExtensibilityGlobals) = postSolution
		SolutionGuid = {CAC377DB-894D-4CB9-B0EA-80586EF40BC3}
	EndGlobalSection
EndGlobal
